
Microsoft Visual Studio Solution File, Format Version 12.00
# Visual Studio Version 17
VisualStudioVersion = 17.10.34928.147
MinimumVisualStudioVersion = 10.0.40219.1
Project("{9A19103F-16F7-4668-BE54-9A1E7A4F7556}") = "CarRental", "CarRental\CarRental.csproj", "{FC45CACC-A97B-41EE-9D70-CAC25BFF5EC3}"
EndProject
Global
	GlobalSection(SolutionConfigurationPlatforms) = preSolution
		Debug|Any CPU = Debug|Any CPU
		Release|Any CPU = Release|Any CPU
	EndGlobalSection
	GlobalSection(ProjectConfigurationPlatforms) = postSolution
		{FC45CACC-A97B-41EE-9D70-CAC25BFF5EC3}.Debug|Any CPU.ActiveCfg = Debug|Any CPU
		{FC45CACC-A97B-41EE-9D70-CAC25BFF5EC3}.Debug|Any CPU.Build.0 = Debug|Any CPU
		{FC45CACC-A97B-41EE-9D70-CAC25BFF5EC3}.Release|Any CPU.ActiveCfg = Release|Any CPU
		{FC45CACC-A97B-41EE-9D70-CAC25BFF5EC3}.Release|Any CPU.Build.0 = Release|Any CPU
	EndGlobalSection
	GlobalSection(SolutionProperties) = preSolution
		HideSolutionNode = FALSE
	EndGlobalSection
	GlobalSection(ExtensibilityGlobals) = postSolution
		SolutionGuid = {705612CC-2CBD-4D2E-B3B3-B6B06AED4931}
	EndGlobalSection
EndGlobal
